
Microsoft Visual Studio Solution File, Format Version 12.00
# Visual Studio Version 17
VisualStudioVersion = 17.0.32014.148
MinimumVisualStudioVersion = 10.0.40219.1
Project("{FAE04EC0-301F-11D3-BF4B-00C04F79EFBC}") = "Client", "Client\Client.csproj", "{D2C6AAD1-AB67-4EE6-84B5-9AD620315458}"
EndProject
Global
	GlobalSection(SolutionConfigurationPlatforms) = preSolution
		Debug|Any CPU = Debug|Any CPU
		Release|Any CPU = Release|Any CPU
	EndGlobalSection
	GlobalSection(ProjectConfigurationPlatforms) = postSolution
		{D2C6AAD1-AB67-4EE6-84B5-9AD620315458}.Debug|Any CPU.ActiveCfg = Debug|Any CPU
		{D2C6AAD1-AB67-4EE6-84B5-9AD620315458}.Debug|Any CPU.Build.0 = Debug|Any CPU
		{D2C6AAD1-AB67-4EE6-84B5-9AD620315458}.Release|Any CPU.ActiveCfg = Release|Any CPU
		{D2C6AAD1-AB67-4EE6-84B5-9AD620315458}.Release|Any CPU.Build.0 = Release|Any CPU
	EndGlobalSection
	GlobalSection(SolutionProperties) = preSolution
		HideSolutionNode = FALSE
	EndGlobalSection
	GlobalSection(ExtensibilityGlobals) = postSolution
		SolutionGuid = {0F4E2540-9AAC-4D48-B79B-99A3D67F1E53}
	EndGlobalSection
EndGlobal
